
Microsoft Visual Studio Solution File, Format Version 12.00
# Visual Studio 15
VisualStudioVersion = 15.0.28307.1267
MinimumVisualStudioVersion = 10.0.40219.1
Project("{FAE04EC0-301F-11D3-BF4B-00C04F79EFBC}") = "RentalKendaraan_097", "RentalKendaraan_097\RentalKendaraan_097.csproj", "{96B11FD6-9B92-4A1A-B40F-3E020B8F6388}"
EndProject
Global
	GlobalSection(SolutionConfigurationPlatforms) = preSolution
		Debug|Any CPU = Debug|Any CPU
		Release|Any CPU = Release|Any CPU
	EndGlobalSection
	GlobalSection(ProjectConfigurationPlatforms) = postSolution
		{96B11FD6-9B92-4A1A-B40F-3E020B8F6388}.Debug|Any CPU.ActiveCfg = Debug|Any CPU
		{96B11FD6-9B92-4A1A-B40F-3E020B8F6388}.Debug|Any CPU.Build.0 = Debug|Any CPU
		{96B11FD6-9B92-4A1A-B40F-3E020B8F6388}.Release|Any CPU.ActiveCfg = Release|Any CPU
		{96B11FD6-9B92-4A1A-B40F-3E020B8F6388}.Release|Any CPU.Build.0 = Release|Any CPU
	EndGlobalSection
	GlobalSection(SolutionProperties) = preSolution
		HideSolutionNode = FALSE
	EndGlobalSection
	GlobalSection(ExtensibilityGlobals) = postSolution
		SolutionGuid = {F53CD3A0-6C13-41E8-BF7C-A25387E33357}
	EndGlobalSection
EndGlobal
